
Microsoft Visual Studio Solution File, Format Version 12.00
# Visual Studio Version 16
VisualStudioVersion = 16.0.31205.134
MinimumVisualStudioVersion = 10.0.40219.1
Project("{9A19103F-16F7-4668-BE54-9A1E7A4F7556}") = "AngularShop", "AngularShop\AngularShop.csproj", "{116CCBE9-D365-42F5-B532-BDE202587ABD}"
EndProject
Project("{9A19103F-16F7-4668-BE54-9A1E7A4F7556}") = "DataLayer", "DataLayer\DataLayer.csproj", "{E1CB6FD5-8C87-4A3B-8A2A-057D26EA89CF}"
EndProject
Project("{9A19103F-16F7-4668-BE54-9A1E7A4F7556}") = "Services", "Services\Services.csproj", "{4949BFF6-B3F0-4801-B90D-D61555EEB08C}"
EndProject
Project("{9092AA53-FB77-4645-B42D-1CCCA6BD08BD}") = "Client", "Client\Client.njsproj", "{FAD2E79E-54C2-4070-BF9B-62F22CC1F978}"
EndProject
Project("{FAE04EC0-301F-11D3-BF4B-00C04F79EFBC}") = "ShopAdmin", "ShopAdmin\ShopAdmin.csproj", "{029BCB39-62EA-40B4-B0E8-66BC17C584E5}"
EndProject
Global
	GlobalSection(SolutionConfigurationPlatforms) = preSolution
		Debug|Any CPU = Debug|Any CPU
		Release|Any CPU = Release|Any CPU
	EndGlobalSection
	GlobalSection(ProjectConfigurationPlatforms) = postSolution
		{116CCBE9-D365-42F5-B532-BDE202587ABD}.Debug|Any CPU.ActiveCfg = Debug|Any CPU
		{116CCBE9-D365-42F5-B532-BDE202587ABD}.Debug|Any CPU.Build.0 = Debug|Any CPU
		{116CCBE9-D365-42F5-B532-BDE202587ABD}.Release|Any CPU.ActiveCfg = Release|Any CPU
		{116CCBE9-D365-42F5-B532-BDE202587ABD}.Release|Any CPU.Build.0 = Release|Any CPU
		{E1CB6FD5-8C87-4A3B-8A2A-057D26EA89CF}.Debug|Any CPU.ActiveCfg = Debug|Any CPU
		{E1CB6FD5-8C87-4A3B-8A2A-057D26EA89CF}.Debug|Any CPU.Build.0 = Debug|Any CPU
		{E1CB6FD5-8C87-4A3B-8A2A-057D26EA89CF}.Release|Any CPU.ActiveCfg = Release|Any CPU
		{E1CB6FD5-8C87-4A3B-8A2A-057D26EA89CF}.Release|Any CPU.Build.0 = Release|Any CPU
		{4949BFF6-B3F0-4801-B90D-D61555EEB08C}.Debug|Any CPU.ActiveCfg = Debug|Any CPU
		{4949BFF6-B3F0-4801-B90D-D61555EEB08C}.Debug|Any CPU.Build.0 = Debug|Any CPU
		{4949BFF6-B3F0-4801-B90D-D61555EEB08C}.Release|Any CPU.ActiveCfg = Release|Any CPU
		{4949BFF6-B3F0-4801-B90D-D61555EEB08C}.Release|Any CPU.Build.0 = Release|Any CPU
		{FAD2E79E-54C2-4070-BF9B-62F22CC1F978}.Debug|Any CPU.ActiveCfg = Debug|Any CPU
		{FAD2E79E-54C2-4070-BF9B-62F22CC1F978}.Debug|Any CPU.Build.0 = Debug|Any CPU
		{FAD2E79E-54C2-4070-BF9B-62F22CC1F978}.Release|Any CPU.ActiveCfg = Release|Any CPU
		{FAD2E79E-54C2-4070-BF9B-62F22CC1F978}.Release|Any CPU.Build.0 = Release|Any CPU
		{029BCB39-62EA-40B4-B0E8-66BC17C584E5}.Debug|Any CPU.ActiveCfg = Debug|Any CPU
		{029BCB39-62EA-40B4-B0E8-66BC17C584E5}.Debug|Any CPU.Build.0 = Debug|Any CPU
		{029BCB39-62EA-40B4-B0E8-66BC17C584E5}.Release|Any CPU.ActiveCfg = Release|Any CPU
		{029BCB39-62EA-40B4-B0E8-66BC17C584E5}.Release|Any CPU.Build.0 = Release|Any CPU
	EndGlobalSection
	GlobalSection(SolutionProperties) = preSolution
		HideSolutionNode = FALSE
	EndGlobalSection
	GlobalSection(ExtensibilityGlobals) = postSolution
		SolutionGuid = {C595B9BD-AF4E-4FB0-BF71-61BC0B99D95F}
	EndGlobalSection
EndGlobal
